
Microsoft Visual Studio Solution File, Format Version 12.00
# Visual Studio 15
VisualStudioVersion = 15.0.26430.6
MinimumVisualStudioVersion = 10.0.40219.1
Project("{9A19103F-16F7-4668-BE54-9A1E7A4F7556}") = "Lab2C", "src\Lab2C\Lab2C.csproj", "{EE6D2CC3-7C7F-4FAF-8C85-D3617FAD402C}"
EndProject
Global
	GlobalSection(SolutionConfigurationPlatforms) = preSolution
		Debug|Any CPU = Debug|Any CPU
		Release|Any CPU = Release|Any CPU
	EndGlobalSection
	GlobalSection(ProjectConfigurationPlatforms) = postSolution
		{EE6D2CC3-7C7F-4FAF-8C85-D3617FAD402C}.Debug|Any CPU.ActiveCfg = Debug|Any CPU
		{EE6D2CC3-7C7F-4FAF-8C85-D3617FAD402C}.Debug|Any CPU.Build.0 = Debug|Any CPU
		{EE6D2CC3-7C7F-4FAF-8C85-D3617FAD402C}.Release|Any CPU.ActiveCfg = Release|Any CPU
		{EE6D2CC3-7C7F-4FAF-8C85-D3617FAD402C}.Release|Any CPU.Build.0 = Release|Any CPU
	EndGlobalSection
	GlobalSection(SolutionProperties) = preSolution
		HideSolutionNode = FALSE
	EndGlobalSection
EndGlobal
